// !$*UTF8*$!
{
	archiveVersion = 1;
	classes = {
	};
	objectVersion = 46;
	objects = {

/* Begin PBXBuildFile section */
		2332725C1AA13FAA00B6666E /* YRSendViewCell.xib in Resources */ = {isa = PBXBuildFile; fileRef = 2332725B1AA13FAA00B6666E /* YRSendViewCell.xib */; };
		2332728C1AA165D800B6666E /* YRSendViewCell.swift in Sources */ = {isa = PBXBuildFile; fileRef = 2332728B1AA165D800B6666E /* YRSendViewCell.swift */; };
		2363F9941AA00913009957D1 /* NSDictionaryExt.swift in Sources */ = {isa = PBXBuildFile; fileRef = 2363F9931AA00913009957D1 /* NSDictionaryExt.swift */; };
		2363F9971AA00A1E009957D1 /* YRCommentsViewController.swift in Sources */ = {isa = PBXBuildFile; fileRef = 2363F9951AA00A1E009957D1 /* YRCommentsViewController.swift */; };
		2363F9981AA00A1E009957D1 /* YRImageViewController.swift in Sources */ = {isa = PBXBuildFile; fileRef = 2363F9961AA00A1E009957D1 /* YRImageViewController.swift */; };
		2363F99A1AA00AEF009957D1 /* avatar.jpg in Resources */ = {isa = PBXBuildFile; fileRef = 2363F9991AA00AEF009957D1 /* avatar.jpg */; };
		2363F99C1AA00FBC009957D1 /* YRNewPostViewController.swift in Sources */ = {isa = PBXBuildFile; fileRef = 2363F99B1AA00FBC009957D1 /* YRNewPostViewController.swift */; };
		239581EE1AA0C34E0028188F /* KCTextView.m in Sources */ = {isa = PBXBuildFile; fileRef = 239581ED1AA0C34E0028188F /* KCTextView.m */; };
		239A383E1A9FF414000976E0 /* UIImageViewWebExt.swift in Sources */ = {isa = PBXBuildFile; fileRef = 239A38391A9FF414000976E0 /* UIImageViewWebExt.swift */; };
		239A383F1A9FF414000976E0 /* YRHttpRequest.swift in Sources */ = {isa = PBXBuildFile; fileRef = 239A383A1A9FF414000976E0 /* YRHttpRequest.swift */; };
		239A38401A9FF414000976E0 /* NSStringExt.swift in Sources */ = {isa = PBXBuildFile; fileRef = 239A383B1A9FF414000976E0 /* NSStringExt.swift */; };
		239A38411A9FF414000976E0 /* FileUtility.swift in Sources */ = {isa = PBXBuildFile; fileRef = 239A383C1A9FF414000976E0 /* FileUtility.swift */; };
		239A38421A9FF414000976E0 /* UIViewExt.swift in Sources */ = {isa = PBXBuildFile; fileRef = 239A383D1A9FF414000976E0 /* UIViewExt.swift */; };
		239A38441A9FF70E000976E0 /* YRMainViewController.swift in Sources */ = {isa = PBXBuildFile; fileRef = 239A38431A9FF70E000976E0 /* YRMainViewController.swift */; };
		239A384D1A9FFB13000976E0 /* YRCommnentsCell.swift in Sources */ = {isa = PBXBuildFile; fileRef = 239A38461A9FFB13000976E0 /* YRCommnentsCell.swift */; };
		239A384E1A9FFB13000976E0 /* YRCommnentsCell.xib in Resources */ = {isa = PBXBuildFile; fileRef = 239A38471A9FFB13000976E0 /* YRCommnentsCell.xib */; };
		239A384F1A9FFB13000976E0 /* YRImageZoomingView.swift in Sources */ = {isa = PBXBuildFile; fileRef = 239A38481A9FFB13000976E0 /* YRImageZoomingView.swift */; };
		239A38501A9FFB13000976E0 /* YRJokeCell.swift in Sources */ = {isa = PBXBuildFile; fileRef = 239A38491A9FFB13000976E0 /* YRJokeCell.swift */; };
		239A38511A9FFB13000976E0 /* YRJokeCell.xib in Resources */ = {isa = PBXBuildFile; fileRef = 239A384A1A9FFB13000976E0 /* YRJokeCell.xib */; };
		239A38521A9FFB13000976E0 /* YRRefreshView.swift in Sources */ = {isa = PBXBuildFile; fileRef = 239A384B1A9FFB13000976E0 /* YRRefreshView.swift */; };
		239A38531A9FFB13000976E0 /* YRRefreshView.xib in Resources */ = {isa = PBXBuildFile; fileRef = 239A384C1A9FFB13000976E0 /* YRRefreshView.xib */; };
		868A30561A9E972700FC9EF9 /* AppDelegate.swift in Sources */ = {isa = PBXBuildFile; fileRef = 868A30551A9E972700FC9EF9 /* AppDelegate.swift */; };
		868A30581A9E972700FC9EF9 /* FirstViewController.swift in Sources */ = {isa = PBXBuildFile; fileRef = 868A30571A9E972700FC9EF9 /* FirstViewController.swift */; };
		868A305D1A9E972700FC9EF9 /* Main.storyboard in Resources */ = {isa = PBXBuildFile; fileRef = 868A305B1A9E972700FC9EF9 /* Main.storyboard */; };
		868A305F1A9E972700FC9EF9 /* Images.xcassets in Resources */ = {isa = PBXBuildFile; fileRef = 868A305E1A9E972700FC9EF9 /* Images.xcassets */; };
		868A30621A9E972700FC9EF9 /* LaunchScreen.xib in Resources */ = {isa = PBXBuildFile; fileRef = 868A30601A9E972700FC9EF9 /* LaunchScreen.xib */; };
		868A306E1A9E972700FC9EF9 /* WhoopsTests.swift in Sources */ = {isa = PBXBuildFile; fileRef = 868A306D1A9E972700FC9EF9 /* WhoopsTests.swift */; };
		8690039D1AA78F1000D46DED /* PostTableViewCell.swift in Sources */ = {isa = PBXBuildFile; fileRef = 8690039C1AA78F1000D46DED /* PostTableViewCell.swift */; };
		86933BD01AA8D206000FD60A /* SearchViewController.swift in Sources */ = {isa = PBXBuildFile; fileRef = 86933BCF1AA8D206000FD60A /* SearchViewController.swift */; };
		86933BD21AA8F03C000FD60A /* SearchResultCell.swift in Sources */ = {isa = PBXBuildFile; fileRef = 86933BD11AA8F03C000FD60A /* SearchResultCell.swift */; };
		86FE64B31AA7737300E4B2B1 /* MyPostsViewController.swift in Sources */ = {isa = PBXBuildFile; fileRef = 86FE64B21AA7737300E4B2B1 /* MyPostsViewController.swift */; };
/* End PBXBuildFile section */

/* Begin PBXContainerItemProxy section */
		868A30681A9E972700FC9EF9 /* PBXContainerItemProxy */ = {
			isa = PBXContainerItemProxy;
			containerPortal = 868A30481A9E972700FC9EF9 /* Project object */;
			proxyType = 1;
			remoteGlobalIDString = 868A304F1A9E972700FC9EF9;
			remoteInfo = Whoops;
		};
/* End PBXContainerItemProxy section */

/* Begin PBXFileReference section */
		2332725B1AA13FAA00B6666E /* YRSendViewCell.xib */ = {isa = PBXFileReference; fileEncoding = 4; lastKnownFileType = file.xib; path = YRSendViewCell.xib; sourceTree = "<group>"; };
		2332728B1AA165D800B6666E /* YRSendViewCell.swift */ = {isa = PBXFileReference; fileEncoding = 4; lastKnownFileType = sourcecode.swift; path = YRSendViewCell.swift; sourceTree = "<group>"; };
		2363F9931AA00913009957D1 /* NSDictionaryExt.swift */ = {isa = PBXFileReference; fileEncoding = 4; lastKnownFileType = sourcecode.swift; path = NSDictionaryExt.swift; sourceTree = "<group>"; };
		2363F9951AA00A1E009957D1 /* YRCommentsViewController.swift */ = {isa = PBXFileReference; fileEncoding = 4; lastKnownFileType = sourcecode.swift; path = YRCommentsViewController.swift; sourceTree = "<group>"; };
		2363F9961AA00A1E009957D1 /* YRImageViewController.swift */ = {isa = PBXFileReference; fileEncoding = 4; lastKnownFileType = sourcecode.swift; path = YRImageViewController.swift; sourceTree = "<group>"; };
		2363F9991AA00AEF009957D1 /* avatar.jpg */ = {isa = PBXFileReference; lastKnownFileType = image.jpeg; path = avatar.jpg; sourceTree = "<group>"; };
		2363F99B1AA00FBC009957D1 /* YRNewPostViewController.swift */ = {isa = PBXFileReference; fileEncoding = 4; lastKnownFileType = sourcecode.swift; path = YRNewPostViewController.swift; sourceTree = "<group>"; };
		239581EB1AA0C1B60028188F /* KCTextView.h */ = {isa = PBXFileReference; lastKnownFileType = sourcecode.c.h; path = KCTextView.h; sourceTree = "<group>"; };
		239581EC1AA0C30F0028188F /* Swift-Bridging-OC.h */ = {isa = PBXFileReference; lastKnownFileType = sourcecode.c.h; path = "Swift-Bridging-OC.h"; sourceTree = "<group>"; };
		239581ED1AA0C34E0028188F /* KCTextView.m */ = {isa = PBXFileReference; fileEncoding = 4; lastKnownFileType = sourcecode.c.objc; path = KCTextView.m; sourceTree = "<group>"; };
		239A38391A9FF414000976E0 /* UIImageViewWebExt.swift */ = {isa = PBXFileReference; fileEncoding = 4; lastKnownFileType = sourcecode.swift; path = UIImageViewWebExt.swift; sourceTree = "<group>"; };
		239A383A1A9FF414000976E0 /* YRHttpRequest.swift */ = {isa = PBXFileReference; fileEncoding = 4; lastKnownFileType = sourcecode.swift; path = YRHttpRequest.swift; sourceTree = "<group>"; };
		239A383B1A9FF414000976E0 /* NSStringExt.swift */ = {isa = PBXFileReference; fileEncoding = 4; lastKnownFileType = sourcecode.swift; path = NSStringExt.swift; sourceTree = "<group>"; };
		239A383C1A9FF414000976E0 /* FileUtility.swift */ = {isa = PBXFileReference; fileEncoding = 4; lastKnownFileType = sourcecode.swift; path = FileUtility.swift; sourceTree = "<group>"; };
		239A383D1A9FF414000976E0 /* UIViewExt.swift */ = {isa = PBXFileReference; fileEncoding = 4; lastKnownFileType = sourcecode.swift; path = UIViewExt.swift; sourceTree = "<group>"; };
		239A38431A9FF70E000976E0 /* YRMainViewController.swift */ = {isa = PBXFileReference; fileEncoding = 4; lastKnownFileType = sourcecode.swift; path = YRMainViewController.swift; sourceTree = "<group>"; };
		239A38461A9FFB13000976E0 /* YRCommnentsCell.swift */ = {isa = PBXFileReference; fileEncoding = 4; lastKnownFileType = sourcecode.swift; name = YRCommnentsCell.swift; path = View/YRCommnentsCell.swift; sourceTree = "<group>"; };
		239A38471A9FFB13000976E0 /* YRCommnentsCell.xib */ = {isa = PBXFileReference; fileEncoding = 4; lastKnownFileType = file.xib; name = YRCommnentsCell.xib; path = View/YRCommnentsCell.xib; sourceTree = "<group>"; };
		239A38481A9FFB13000976E0 /* YRImageZoomingView.swift */ = {isa = PBXFileReference; fileEncoding = 4; lastKnownFileType = sourcecode.swift; name = YRImageZoomingView.swift; path = View/YRImageZoomingView.swift; sourceTree = "<group>"; };
		239A38491A9FFB13000976E0 /* YRJokeCell.swift */ = {isa = PBXFileReference; fileEncoding = 4; lastKnownFileType = sourcecode.swift; name = YRJokeCell.swift; path = View/YRJokeCell.swift; sourceTree = "<group>"; };
		239A384A1A9FFB13000976E0 /* YRJokeCell.xib */ = {isa = PBXFileReference; fileEncoding = 4; lastKnownFileType = file.xib; name = YRJokeCell.xib; path = View/YRJokeCell.xib; sourceTree = "<group>"; };
		239A384B1A9FFB13000976E0 /* YRRefreshView.swift */ = {isa = PBXFileReference; fileEncoding = 4; lastKnownFileType = sourcecode.swift; name = YRRefreshView.swift; path = View/YRRefreshView.swift; sourceTree = "<group>"; };
		239A384C1A9FFB13000976E0 /* YRRefreshView.xib */ = {isa = PBXFileReference; fileEncoding = 4; lastKnownFileType = file.xib; name = YRRefreshView.xib; path = View/YRRefreshView.xib; sourceTree = "<group>"; };
		868A30501A9E972700FC9EF9 /* Whoops.app */ = {isa = PBXFileReference; explicitFileType = wrapper.application; includeInIndex = 0; path = Whoops.app; sourceTree = BUILT_PRODUCTS_DIR; };
		868A30541A9E972700FC9EF9 /* Info.plist */ = {isa = PBXFileReference; lastKnownFileType = text.plist.xml; path = Info.plist; sourceTree = "<group>"; };
		868A30551A9E972700FC9EF9 /* AppDelegate.swift */ = {isa = PBXFileReference; lastKnownFileType = sourcecode.swift; path = AppDelegate.swift; sourceTree = "<group>"; };
		868A30571A9E972700FC9EF9 /* FirstViewController.swift */ = {isa = PBXFileReference; lastKnownFileType = sourcecode.swift; path = FirstViewController.swift; sourceTree = "<group>"; };
		868A305C1A9E972700FC9EF9 /* Base */ = {isa = PBXFileReference; lastKnownFileType = file.storyboard; name = Base; path = Base.lproj/Main.storyboard; sourceTree = "<group>"; };
		868A305E1A9E972700FC9EF9 /* Images.xcassets */ = {isa = PBXFileReference; lastKnownFileType = folder.assetcatalog; path = Images.xcassets; sourceTree = "<group>"; };
		868A30611A9E972700FC9EF9 /* Base */ = {isa = PBXFileReference; lastKnownFileType = file.xib; name = Base; path = Base.lproj/LaunchScreen.xib; sourceTree = "<group>"; };
		868A30671A9E972700FC9EF9 /* WhoopsTests.xctest */ = {isa = PBXFileReference; explicitFileType = wrapper.cfbundle; includeInIndex = 0; path = WhoopsTests.xctest; sourceTree = BUILT_PRODUCTS_DIR; };
		868A306C1A9E972700FC9EF9 /* Info.plist */ = {isa = PBXFileReference; lastKnownFileType = text.plist.xml; path = Info.plist; sourceTree = "<group>"; };
		868A306D1A9E972700FC9EF9 /* WhoopsTests.swift */ = {isa = PBXFileReference; lastKnownFileType = sourcecode.swift; path = WhoopsTests.swift; sourceTree = "<group>"; };
		8690039C1AA78F1000D46DED /* PostTableViewCell.swift */ = {isa = PBXFileReference; fileEncoding = 4; lastKnownFileType = sourcecode.swift; path = PostTableViewCell.swift; sourceTree = "<group>"; };
		86933BCF1AA8D206000FD60A /* SearchViewController.swift */ = {isa = PBXFileReference; fileEncoding = 4; lastKnownFileType = sourcecode.swift; path = SearchViewController.swift; sourceTree = "<group>"; };
		86933BD11AA8F03C000FD60A /* SearchResultCell.swift */ = {isa = PBXFileReference; fileEncoding = 4; lastKnownFileType = sourcecode.swift; path = SearchResultCell.swift; sourceTree = "<group>"; };
		86FE64B21AA7737300E4B2B1 /* MyPostsViewController.swift */ = {isa = PBXFileReference; fileEncoding = 4; lastKnownFileType = sourcecode.swift; path = MyPostsViewController.swift; sourceTree = "<group>"; };
/* End PBXFileReference section */

/* Begin PBXFrameworksBuildPhase section */
		868A304D1A9E972700FC9EF9 /* Frameworks */ = {
			isa = PBXFrameworksBuildPhase;
			buildActionMask = 2147483647;
			files = (
			);
			runOnlyForDeploymentPostprocessing = 0;
		};
		868A30641A9E972700FC9EF9 /* Frameworks */ = {
			isa = PBXFrameworksBuildPhase;
			buildActionMask = 2147483647;
			files = (
			);
			runOnlyForDeploymentPostprocessing = 0;
		};
/* End PBXFrameworksBuildPhase section */

/* Begin PBXGroup section */
		239581EA1AA0C1560028188F /* oc */ = {
			isa = PBXGroup;
			children = (
				239581EB1AA0C1B60028188F /* KCTextView.h */,
				239581EC1AA0C30F0028188F /* Swift-Bridging-OC.h */,
				239581ED1AA0C34E0028188F /* KCTextView.m */,
			);
			name = oc;
			sourceTree = "<group>";
		};
		239A38361A9FF351000976E0 /* view */ = {
			isa = PBXGroup;
			children = (
				239A38461A9FFB13000976E0 /* YRCommnentsCell.swift */,
				8690039C1AA78F1000D46DED /* PostTableViewCell.swift */,
				239A38471A9FFB13000976E0 /* YRCommnentsCell.xib */,
				239A38481A9FFB13000976E0 /* YRImageZoomingView.swift */,
				239A38491A9FFB13000976E0 /* YRJokeCell.swift */,
				239A384A1A9FFB13000976E0 /* YRJokeCell.xib */,
				239A384B1A9FFB13000976E0 /* YRRefreshView.swift */,
				239A384C1A9FFB13000976E0 /* YRRefreshView.xib */,
				2332725B1AA13FAA00B6666E /* YRSendViewCell.xib */,
				2332728B1AA165D800B6666E /* YRSendViewCell.swift */,
				86933BD11AA8F03C000FD60A /* SearchResultCell.swift */,
			);
			name = view;
			sourceTree = "<group>";
		};
		239A38371A9FF363000976E0 /* viewController */ = {
			isa = PBXGroup;
			children = (
				2363F9951AA00A1E009957D1 /* YRCommentsViewController.swift */,
				86FE64B21AA7737300E4B2B1 /* MyPostsViewController.swift */,
				2363F9961AA00A1E009957D1 /* YRImageViewController.swift */,
				239A38431A9FF70E000976E0 /* YRMainViewController.swift */,
				2363F99B1AA00FBC009957D1 /* YRNewPostViewController.swift */,
				86933BCF1AA8D206000FD60A /* SearchViewController.swift */,
			);
			name = viewController;
			sourceTree = "<group>";
		};
		239A38381A9FF3AC000976E0 /* util */ = {
			isa = PBXGroup;
			children = (
				2363F9931AA00913009957D1 /* NSDictionaryExt.swift */,
				239A38391A9FF414000976E0 /* UIImageViewWebExt.swift */,
				239A383A1A9FF414000976E0 /* YRHttpRequest.swift */,
				239A383B1A9FF414000976E0 /* NSStringExt.swift */,
				239A383C1A9FF414000976E0 /* FileUtility.swift */,
				239A383D1A9FF414000976E0 /* UIViewExt.swift */,
			);
			name = util;
			sourceTree = "<group>";
		};
		868A30471A9E972700FC9EF9 = {
			isa = PBXGroup;
			children = (
				868A30521A9E972700FC9EF9 /* Whoops */,
				868A306A1A9E972700FC9EF9 /* WhoopsTests */,
				868A30511A9E972700FC9EF9 /* Products */,
			);
			sourceTree = "<group>";
		};
		868A30511A9E972700FC9EF9 /* Products */ = {
			isa = PBXGroup;
			children = (
				868A30501A9E972700FC9EF9 /* Whoops.app */,
				868A30671A9E972700FC9EF9 /* WhoopsTests.xctest */,
			);
			name = Products;
			sourceTree = "<group>";
		};
		868A30521A9E972700FC9EF9 /* Whoops */ = {
			isa = PBXGroup;
			children = (
				239581EA1AA0C1560028188F /* oc */,
				239A38381A9FF3AC000976E0 /* util */,
				239A38371A9FF363000976E0 /* viewController */,
				239A38361A9FF351000976E0 /* view */,
				868A30551A9E972700FC9EF9 /* AppDelegate.swift */,
				868A30571A9E972700FC9EF9 /* FirstViewController.swift */,
				868A305B1A9E972700FC9EF9 /* Main.storyboard */,
				868A305E1A9E972700FC9EF9 /* Images.xcassets */,
				2363F9991AA00AEF009957D1 /* avatar.jpg */,
				868A30601A9E972700FC9EF9 /* LaunchScreen.xib */,
				868A30531A9E972700FC9EF9 /* Supporting Files */,
			);
			path = Whoops;
			sourceTree = "<group>";
		};
		868A30531A9E972700FC9EF9 /* Supporting Files */ = {
			isa = PBXGroup;
			children = (
				868A30541A9E972700FC9EF9 /* Info.plist */,
			);
			name = "Supporting Files";
			sourceTree = "<group>";
		};
		868A306A1A9E972700FC9EF9 /* WhoopsTests */ = {
			isa = PBXGroup;
			children = (
				868A306D1A9E972700FC9EF9 /* WhoopsTests.swift */,
				868A306B1A9E972700FC9EF9 /* Supporting Files */,
			);
			path = WhoopsTests;
			sourceTree = "<group>";
		};
		868A306B1A9E972700FC9EF9 /* Supporting Files */ = {
			isa = PBXGroup;
			children = (
				868A306C1A9E972700FC9EF9 /* Info.plist */,
			);
			name = "Supporting Files";
			sourceTree = "<group>";
		};
/* End PBXGroup section */

/* Begin PBXNativeTarget section */
		868A304F1A9E972700FC9EF9 /* Whoops */ = {
			isa = PBXNativeTarget;
			buildConfigurationList = 868A30711A9E972700FC9EF9 /* Build configuration list for PBXNativeTarget "Whoops" */;
			buildPhases = (
				868A304C1A9E972700FC9EF9 /* Sources */,
				868A304D1A9E972700FC9EF9 /* Frameworks */,
				868A304E1A9E972700FC9EF9 /* Resources */,
			);
			buildRules = (
			);
			dependencies = (
			);
			name = Whoops;
			productName = Whoops;
			productReference = 868A30501A9E972700FC9EF9 /* Whoops.app */;
			productType = "com.apple.product-type.application";
		};
		868A30661A9E972700FC9EF9 /* WhoopsTests */ = {
			isa = PBXNativeTarget;
			buildConfigurationList = 868A30741A9E972700FC9EF9 /* Build configuration list for PBXNativeTarget "WhoopsTests" */;
			buildPhases = (
				868A30631A9E972700FC9EF9 /* Sources */,
				868A30641A9E972700FC9EF9 /* Frameworks */,
				868A30651A9E972700FC9EF9 /* Resources */,
			);
			buildRules = (
			);
			dependencies = (
				868A30691A9E972700FC9EF9 /* PBXTargetDependency */,
			);
			name = WhoopsTests;
			productName = WhoopsTests;
			productReference = 868A30671A9E972700FC9EF9 /* WhoopsTests.xctest */;
			productType = "com.apple.product-type.bundle.unit-test";
		};
/* End PBXNativeTarget section */

/* Begin PBXProject section */
		868A30481A9E972700FC9EF9 /* Project object */ = {
			isa = PBXProject;
			attributes = {
				LastUpgradeCheck = 0610;
				ORGANIZATIONNAME = "Li Jiatan";
				TargetAttributes = {
					868A304F1A9E972700FC9EF9 = {
						CreatedOnToolsVersion = 6.1.1;
					};
					868A30661A9E972700FC9EF9 = {
						CreatedOnToolsVersion = 6.1.1;
						TestTargetID = 868A304F1A9E972700FC9EF9;
					};
				};
			};
			buildConfigurationList = 868A304B1A9E972700FC9EF9 /* Build configuration list for PBXProject "Whoops" */;
			compatibilityVersion = "Xcode 3.2";
			developmentRegion = English;
			hasScannedForEncodings = 0;
			knownRegions = (
				en,
				Base,
			);
			mainGroup = 868A30471A9E972700FC9EF9;
			productRefGroup = 868A30511A9E972700FC9EF9 /* Products */;
			projectDirPath = "";
			projectRoot = "";
			targets = (
				868A304F1A9E972700FC9EF9 /* Whoops */,
				868A30661A9E972700FC9EF9 /* WhoopsTests */,
			);
		};
/* End PBXProject section */

/* Begin PBXResourcesBuildPhase section */
		868A304E1A9E972700FC9EF9 /* Resources */ = {
			isa = PBXResourcesBuildPhase;
			buildActionMask = 2147483647;
			files = (
				868A305D1A9E972700FC9EF9 /* Main.storyboard in Resources */,
				2363F99A1AA00AEF009957D1 /* avatar.jpg in Resources */,
				2332725C1AA13FAA00B6666E /* YRSendViewCell.xib in Resources */,
				239A38531A9FFB13000976E0 /* YRRefreshView.xib in Resources */,
				868A30621A9E972700FC9EF9 /* LaunchScreen.xib in Resources */,
				868A305F1A9E972700FC9EF9 /* Images.xcassets in Resources */,
				239A384E1A9FFB13000976E0 /* YRCommnentsCell.xib in Resources */,
				239A38511A9FFB13000976E0 /* YRJokeCell.xib in Resources */,
			);
			runOnlyForDeploymentPostprocessing = 0;
		};
		868A30651A9E972700FC9EF9 /* Resources */ = {
			isa = PBXResourcesBuildPhase;
			buildActionMask = 2147483647;
			files = (
			);
			runOnlyForDeploymentPostprocessing = 0;
		};
/* End PBXResourcesBuildPhase section */

/* Begin PBXSourcesBuildPhase section */
		868A304C1A9E972700FC9EF9 /* Sources */ = {
			isa = PBXSourcesBuildPhase;
			buildActionMask = 2147483647;
			files = (
				239581EE1AA0C34E0028188F /* KCTextView.m in Sources */,
				239A383F1A9FF414000976E0 /* YRHttpRequest.swift in Sources */,
				239A383E1A9FF414000976E0 /* UIImageViewWebExt.swift in Sources */,
				86FE64B31AA7737300E4B2B1 /* MyPostsViewController.swift in Sources */,
				2363F9981AA00A1E009957D1 /* YRImageViewController.swift in Sources */,
				239A38401A9FF414000976E0 /* NSStringExt.swift in Sources */,
				239A38421A9FF414000976E0 /* UIViewExt.swift in Sources */,
				239A384D1A9FFB13000976E0 /* YRCommnentsCell.swift in Sources */,
				2332728C1AA165D800B6666E /* YRSendViewCell.swift in Sources */,
				2363F9941AA00913009957D1 /* NSDictionaryExt.swift in Sources */,
				868A30561A9E972700FC9EF9 /* AppDelegate.swift in Sources */,
				2363F99C1AA00FBC009957D1 /* YRNewPostViewController.swift in Sources */,
				239A38521A9FFB13000976E0 /* YRRefreshView.swift in Sources */,
				8690039D1AA78F1000D46DED /* PostTableViewCell.swift in Sources */,
				239A38441A9FF70E000976E0 /* YRMainViewController.swift in Sources */,
				86933BD01AA8D206000FD60A /* SearchViewController.swift in Sources */,
				239A384F1A9FFB13000976E0 /* YRImageZoomingView.swift in Sources */,
				868A30581A9E972700FC9EF9 /* FirstViewController.swift in Sources */,
				239A38411A9FF414000976E0 /* FileUtility.swift in Sources */,
				2363F9971AA00A1E009957D1 /* YRCommentsViewController.swift in Sources */,
				86933BD21AA8F03C000FD60A /* SearchResultCell.swift in Sources */,
				239A38501A9FFB13000976E0 /* YRJokeCell.swift in Sources */,
			);
			runOnlyForDeploymentPostprocessing = 0;
		};
		868A30631A9E972700FC9EF9 /* Sources */ = {
			isa = PBXSourcesBuildPhase;
			buildActionMask = 2147483647;
			files = (
				868A306E1A9E972700FC9EF9 /* WhoopsTests.swift in Sources */,
			);
			runOnlyForDeploymentPostprocessing = 0;
		};
/* End PBXSourcesBuildPhase section */

/* Begin PBXTargetDependency section */
		868A30691A9E972700FC9EF9 /* PBXTargetDependency */ = {
			isa = PBXTargetDependency;
			target = 868A304F1A9E972700FC9EF9 /* Whoops */;
			targetProxy = 868A30681A9E972700FC9EF9 /* PBXContainerItemProxy */;
		};
/* End PBXTargetDependency section */

/* Begin PBXVariantGroup section */
		868A305B1A9E972700FC9EF9 /* Main.storyboard */ = {
			isa = PBXVariantGroup;
			children = (
				868A305C1A9E972700FC9EF9 /* Base */,
			);
			name = Main.storyboard;
			sourceTree = "<group>";
		};
		868A30601A9E972700FC9EF9 /* LaunchScreen.xib */ = {
			isa = PBXVariantGroup;
			children = (
				868A30611A9E972700FC9EF9 /* Base */,
			);
			name = LaunchScreen.xib;
			sourceTree = "<group>";
		};
/* End PBXVariantGroup section */

/* Begin XCBuildConfiguration section */
		868A306F1A9E972700FC9EF9 /* Debug */ = {
			isa = XCBuildConfiguration;
			buildSettings = {
				ALWAYS_SEARCH_USER_PATHS = NO;
				CLANG_CXX_LANGUAGE_STANDARD = "gnu++0x";
				CLANG_CXX_LIBRARY = "libc++";
				CLANG_ENABLE_MODULES = YES;
				CLANG_ENABLE_OBJC_ARC = YES;
				CLANG_WARN_BOOL_CONVERSION = YES;
				CLANG_WARN_CONSTANT_CONVERSION = YES;
				CLANG_WARN_DIRECT_OBJC_ISA_USAGE = YES_ERROR;
				CLANG_WARN_EMPTY_BODY = YES;
				CLANG_WARN_ENUM_CONVERSION = YES;
				CLANG_WARN_INT_CONVERSION = YES;
				CLANG_WARN_OBJC_ROOT_CLASS = YES_ERROR;
				CLANG_WARN_UNREACHABLE_CODE = YES;
				CLANG_WARN__DUPLICATE_METHOD_MATCH = YES;
				"CODE_SIGN_IDENTITY[sdk=iphoneos*]" = "iPhone Developer";
				COPY_PHASE_STRIP = NO;
				ENABLE_STRICT_OBJC_MSGSEND = YES;
				GCC_C_LANGUAGE_STANDARD = gnu99;
				GCC_DYNAMIC_NO_PIC = NO;
				GCC_OPTIMIZATION_LEVEL = 0;
				GCC_PREPROCESSOR_DEFINITIONS = (
					"DEBUG=1",
					"$(inherited)",
				);
				GCC_SYMBOLS_PRIVATE_EXTERN = NO;
				GCC_WARN_64_TO_32_BIT_CONVERSION = YES;
				GCC_WARN_ABOUT_RETURN_TYPE = YES_ERROR;
				GCC_WARN_UNDECLARED_SELECTOR = YES;
				GCC_WARN_UNINITIALIZED_AUTOS = YES_AGGRESSIVE;
				GCC_WARN_UNUSED_FUNCTION = YES;
				GCC_WARN_UNUSED_VARIABLE = YES;
				IPHONEOS_DEPLOYMENT_TARGET = 8.1;
				MTL_ENABLE_DEBUG_INFO = YES;
				ONLY_ACTIVE_ARCH = YES;
				SDKROOT = iphoneos;
				SWIFT_OPTIMIZATION_LEVEL = "-Onone";
			};
			name = Debug;
		};
		868A30701A9E972700FC9EF9 /* Release */ = {
			isa = XCBuildConfiguration;
			buildSettings = {
				ALWAYS_SEARCH_USER_PATHS = NO;
				CLANG_CXX_LANGUAGE_STANDARD = "gnu++0x";
				CLANG_CXX_LIBRARY = "libc++";
				CLANG_ENABLE_MODULES = YES;
				CLANG_ENABLE_OBJC_ARC = YES;
				CLANG_WARN_BOOL_CONVERSION = YES;
				CLANG_WARN_CONSTANT_CONVERSION = YES;
				CLANG_WARN_DIRECT_OBJC_ISA_USAGE = YES_ERROR;
				CLANG_WARN_EMPTY_BODY = YES;
				CLANG_WARN_ENUM_CONVERSION = YES;
				CLANG_WARN_INT_CONVERSION = YES;
				CLANG_WARN_OBJC_ROOT_CLASS = YES_ERROR;
				CLANG_WARN_UNREACHABLE_CODE = YES;
				CLANG_WARN__DUPLICATE_METHOD_MATCH = YES;
				"CODE_SIGN_IDENTITY[sdk=iphoneos*]" = "iPhone Developer";
				COPY_PHASE_STRIP = YES;
				ENABLE_NS_ASSERTIONS = NO;
				ENABLE_STRICT_OBJC_MSGSEND = YES;
				GCC_C_LANGUAGE_STANDARD = gnu99;
				GCC_WARN_64_TO_32_BIT_CONVERSION = YES;
				GCC_WARN_ABOUT_RETURN_TYPE = YES_ERROR;
				GCC_WARN_UNDECLARED_SELECTOR = YES;
				GCC_WARN_UNINITIALIZED_AUTOS = YES_AGGRESSIVE;
				GCC_WARN_UNUSED_FUNCTION = YES;
				GCC_WARN_UNUSED_VARIABLE = YES;
				IPHONEOS_DEPLOYMENT_TARGET = 8.1;
				MTL_ENABLE_DEBUG_INFO = NO;
				SDKROOT = iphoneos;
				VALIDATE_PRODUCT = YES;
			};
			name = Release;
		};
		868A30721A9E972700FC9EF9 /* Debug */ = {
			isa = XCBuildConfiguration;
			buildSettings = {
				ASSETCATALOG_COMPILER_APPICON_NAME = AppIcon;
				INFOPLIST_FILE = Whoops/Info.plist;
				LD_RUNPATH_SEARCH_PATHS = "$(inherited) @executable_path/Frameworks";
				PRODUCT_NAME = "$(TARGET_NAME)";
				SWIFT_OBJC_BRIDGING_HEADER = "Whoops/Swift-Bridging-OC.h";
			};
			name = Debug;
		};
		868A30731A9E972700FC9EF9 /* Release */ = {
			isa = XCBuildConfiguration;
			buildSettings = {
				ASSETCATALOG_COMPILER_APPICON_NAME = AppIcon;
				INFOPLIST_FILE = Whoops/Info.plist;
				LD_RUNPATH_SEARCH_PATHS = "$(inherited) @executable_path/Frameworks";
				PRODUCT_NAME = "$(TARGET_NAME)";
				SWIFT_OBJC_BRIDGING_HEADER = "Whoops/Swift-Bridging-OC.h";
			};
			name = Release;
		};
		868A30751A9E972700FC9EF9 /* Debug */ = {
			isa = XCBuildConfiguration;
			buildSettings = {
				BUNDLE_LOADER = "$(TEST_HOST)";
				FRAMEWORK_SEARCH_PATHS = (
					"$(SDKROOT)/Developer/Library/Frameworks",
					"$(inherited)",
				);
				GCC_PREPROCESSOR_DEFINITIONS = (
					"DEBUG=1",
					"$(inherited)",
				);
				INFOPLIST_FILE = WhoopsTests/Info.plist;
				LD_RUNPATH_SEARCH_PATHS = "$(inherited) @executable_path/Frameworks @loader_path/Frameworks";
				PRODUCT_NAME = "$(TARGET_NAME)";
				TEST_HOST = "$(BUILT_PRODUCTS_DIR)/Whoops.app/Whoops";
			};
			name = Debug;
		};
		868A30761A9E972700FC9EF9 /* Release */ = {
			isa = XCBuildConfiguration;
			buildSettings = {
				BUNDLE_LOADER = "$(TEST_HOST)";
				FRAMEWORK_SEARCH_PATHS = (
					"$(SDKROOT)/Developer/Library/Frameworks",
					"$(inherited)",
				);
				INFOPLIST_FILE = WhoopsTests/Info.plist;
				LD_RUNPATH_SEARCH_PATHS = "$(inherited) @executable_path/Frameworks @loader_path/Frameworks";
				PRODUCT_NAME = "$(TARGET_NAME)";
				TEST_HOST = "$(BUILT_PRODUCTS_DIR)/Whoops.app/Whoops";
			};
			name = Release;
		};
/* End XCBuildConfiguration section */

/* Begin XCConfigurationList section */
		868A304B1A9E972700FC9EF9 /* Build configuration list for PBXProject "Whoops" */ = {
			isa = XCConfigurationList;
			buildConfigurations = (
				868A306F1A9E972700FC9EF9 /* Debug */,
				868A30701A9E972700FC9EF9 /* Release */,
			);
			defaultConfigurationIsVisible = 0;
			defaultConfigurationName = Release;
		};
		868A30711A9E972700FC9EF9 /* Build configuration list for PBXNativeTarget "Whoops" */ = {
			isa = XCConfigurationList;
			buildConfigurations = (
				868A30721A9E972700FC9EF9 /* Debug */,
				868A30731A9E972700FC9EF9 /* Release */,
			);
			defaultConfigurationIsVisible = 0;
			defaultConfigurationName = Release;
		};
		868A30741A9E972700FC9EF9 /* Build configuration list for PBXNativeTarget "WhoopsTests" */ = {
			isa = XCConfigurationList;
			buildConfigurations = (
				868A30751A9E972700FC9EF9 /* Debug */,
				868A30761A9E972700FC9EF9 /* Release */,
			);
			defaultConfigurationIsVisible = 0;
			defaultConfigurationName = Release;
		};
/* End XCConfigurationList section */
	};
	rootObject = 868A30481A9E972700FC9EF9 /* Project object */;
}
